
Microsoft Visual Studio Solution File, Format Version 12.00
# Visual Studio Version 17
VisualStudioVersion = 17.7.34031.279
MinimumVisualStudioVersion = 10.0.40219.1
Project("{FAE04EC0-301F-11D3-BF4B-00C04F79EFBC}") = "TodoApp.Server", "TodoApp.Server\TodoApp.Server.csproj", "{87532B8F-76FE-4F29-AB23-8B00B3CF2353}"
EndProject
Global
	GlobalSection(SolutionConfigurationPlatforms) = preSolution
		Debug|Any CPU = Debug|Any CPU
		Release|Any CPU = Release|Any CPU
	EndGlobalSection
	GlobalSection(ProjectConfigurationPlatforms) = postSolution
		{87532B8F-76FE-4F29-AB23-8B00B3CF2353}.Debug|Any CPU.ActiveCfg = Debug|Any CPU
		{87532B8F-76FE-4F29-AB23-8B00B3CF2353}.Debug|Any CPU.Build.0 = Debug|Any CPU
		{87532B8F-76FE-4F29-AB23-8B00B3CF2353}.Release|Any CPU.ActiveCfg = Release|Any CPU
		{87532B8F-76FE-4F29-AB23-8B00B3CF2353}.Release|Any CPU.Build.0 = Release|Any CPU
	EndGlobalSection
	GlobalSection(SolutionProperties) = preSolution
		HideSolutionNode = FALSE
	EndGlobalSection
	GlobalSection(ExtensibilityGlobals) = postSolution
		SolutionGuid = {F5519DC8-F74A-42EF-813A-FB0F525C5919}
	EndGlobalSection
EndGlobal
